
Microsoft Visual Studio Solution File, Format Version 12.00
# Visual Studio Version 17
VisualStudioVersion = 17.5.002.0
MinimumVisualStudioVersion = 10.0.40219.1
Project("{9A19103F-16F7-4668-BE54-9A1E7A4F7556}") = "PowerLibrary", "PowerLibrary.csproj", "{4ECA1099-5C34-411D-AEA4-6F723433537B}"
EndProject
Project("{FAE04EC0-301F-11D3-BF4B-00C04F79EFBC}") = "PowerLibrary.Tests", "PowerLibrary.Tests\PowerLibrary.Tests.csproj", "{9DBA470D-8C2B-42F1-AE8A-B73585ED1084}"
EndProject
Global
	GlobalSection(SolutionConfigurationPlatforms) = preSolution
		Debug|Any CPU = Debug|Any CPU
		Release|Any CPU = Release|Any CPU
	EndGlobalSection
	GlobalSection(ProjectConfigurationPlatforms) = postSolution
		{4ECA1099-5C34-411D-AEA4-6F723433537B}.Debug|Any CPU.ActiveCfg = Debug|Any CPU
		{4ECA1099-5C34-411D-AEA4-6F723433537B}.Debug|Any CPU.Build.0 = Debug|Any CPU
		{4ECA1099-5C34-411D-AEA4-6F723433537B}.Release|Any CPU.ActiveCfg = Release|Any CPU
		{4ECA1099-5C34-411D-AEA4-6F723433537B}.Release|Any CPU.Build.0 = Release|Any CPU
		{9DBA470D-8C2B-42F1-AE8A-B73585ED1084}.Debug|Any CPU.ActiveCfg = Debug|Any CPU
		{9DBA470D-8C2B-42F1-AE8A-B73585ED1084}.Debug|Any CPU.Build.0 = Debug|Any CPU
		{9DBA470D-8C2B-42F1-AE8A-B73585ED1084}.Release|Any CPU.ActiveCfg = Release|Any CPU
		{9DBA470D-8C2B-42F1-AE8A-B73585ED1084}.Release|Any CPU.Build.0 = Release|Any CPU
	EndGlobalSection
	GlobalSection(SolutionProperties) = preSolution
		HideSolutionNode = FALSE
	EndGlobalSection
	GlobalSection(ExtensibilityGlobals) = postSolution
		SolutionGuid = {6289A8CE-7E9D-422F-91A1-984F2A1712C4}
	EndGlobalSection
EndGlobal
